# This file is automatically @generated by Cargo.
# It is not intended for manual editing.
version = 4

[[package]]
name = "cc"
version = "1.6.0"
source = "registry+https://github.com/rust-lang/crates.io-index"
checksum = "f74872d07caf508b30a21f6836e7d7016a2eaf7d9ff4f48deaa58cd8a0407630"
dependencies = [
 "find-msvc-tools",
 "shlex",
]

[[package]]
name = "find-msvc-tools"
version = "0.1.14"
source = "registry+https://github.com/rust-lang/crates.io-index"
checksum = "aedcfb3409746eddb02b9e19ebda1c3394f759a152e48ee875a0844d1b955484"

[[package]]
name = "hoshi"
version = "0.1.1"
dependencies = [
 "sqlite",
]

[[package]]
name = "pkg-config"
version = "0.3.34"
source = "registry+https://github.com/rust-lang/crates.io-index"
checksum = "f6b464fbc74e149a392436b17d523f769e057cb6877f6a5c4618bc6f11800548"

[[package]]
name = "shlex"
version = "2.0.1"
source = "registry+https://github.com/rust-lang/crates.io-index"
checksum = "f8fadd59c855ef2080decdef8ff161eb6661b86933c9d82e5ba29dc602a55aba"

[[package]]
name = "sqlite"
version = "0.37.3"
source = "registry+https://github.com/rust-lang/crates.io-index"
checksum = "31467cfc047d7020d19d998c6516de1984e70e32887a3240c00ad82c60b0eb03"
dependencies = [
 "sqlite3-sys",
]

[[package]]
name = "sqlite3-src"
version = "0.7.1"
source = "registry+https://github.com/rust-lang/crates.io-index"
checksum = "2739bac4e1ca6527391698167b1392332d00123c9fc11eca16311291db6829f3"
dependencies = [
 "cc",
 "pkg-config",
]

[[package]]
name = "sqlite3-sys"
version = "0.18.2"
source = "registry+https://github.com/rust-lang/crates.io-index"
checksum = "14dbf3ab4cbad14cc5516d2f9cb2d5941938eb12a33dc16fbbb8fa6919da748a"
dependencies = [
 "sqlite3-src",
]
